
Microsoft Visual Studio Solution File, Format Version 12.00
# Visual Studio Version 17
VisualStudioVersion = 17.8.34330.188
MinimumVisualStudioVersion = 10.0.40219.1
Project("{9A19103F-16F7-4668-BE54-9A1E7A4F7556}") = "Netflix_Clone.API", "Netflix_Clone.API\Netflix_Clone.API.csproj", "{87A64DDC-0A00-4E11-A256-FED916F7DD29}"
EndProject
Project("{9A19103F-16F7-4668-BE54-9A1E7A4F7556}") = "Netflix_Clone.Domain", "Netflix_Clone.Domain\Netflix_Clone.Domain.csproj", "{F5745B56-5D84-40FA-8F85-57687A0D19FC}"
EndProject
Project("{9A19103F-16F7-4668-BE54-9A1E7A4F7556}") = "Netflix_Clone.Application", "Netflix_Clone.Application\Netflix_Clone.Application.csproj", "{42E9C9F6-9E22-4896-9448-C598640143FC}"
EndProject
Project("{9A19103F-16F7-4668-BE54-9A1E7A4F7556}") = "Netflix_Clone.Infrastructure", "Netflix_Clone.Infrastructure\Netflix_Clone.Infrastructure.csproj", "{D40F1ADF-F267-4420-A2B9-C6C93A2E0CE3}"
EndProject
Project("{FAE04EC0-301F-11D3-BF4B-00C04F79EFBC}") = "Netflix_Clone.Shared", "Netflix_Clone.Shared\Netflix_Clone.Shared.csproj", "{89718A89-140C-4498-A951-7A827F3DE0B4}"
EndProject
Global
	GlobalSection(SolutionConfigurationPlatforms) = preSolution
		Debug|Any CPU = Debug|Any CPU
		Release|Any CPU = Release|Any CPU
	EndGlobalSection
	GlobalSection(ProjectConfigurationPlatforms) = postSolution
		{87A64DDC-0A00-4E11-A256-FED916F7DD29}.Debug|Any CPU.ActiveCfg = Debug|Any CPU
		{87A64DDC-0A00-4E11-A256-FED916F7DD29}.Debug|Any CPU.Build.0 = Debug|Any CPU
		{87A64DDC-0A00-4E11-A256-FED916F7DD29}.Release|Any CPU.ActiveCfg = Release|Any CPU
		{87A64DDC-0A00-4E11-A256-FED916F7DD29}.Release|Any CPU.Build.0 = Release|Any CPU
		{F5745B56-5D84-40FA-8F85-57687A0D19FC}.Debug|Any CPU.ActiveCfg = Debug|Any CPU
		{F5745B56-5D84-40FA-8F85-57687A0D19FC}.Debug|Any CPU.Build.0 = Debug|Any CPU
		{F5745B56-5D84-40FA-8F85-57687A0D19FC}.Release|Any CPU.ActiveCfg = Release|Any CPU
		{F5745B56-5D84-40FA-8F85-57687A0D19FC}.Release|Any CPU.Build.0 = Release|Any CPU
		{42E9C9F6-9E22-4896-9448-C598640143FC}.Debug|Any CPU.ActiveCfg = Debug|Any CPU
		{42E9C9F6-9E22-4896-9448-C598640143FC}.Debug|Any CPU.Build.0 = Debug|Any CPU
		{42E9C9F6-9E22-4896-9448-C598640143FC}.Release|Any CPU.ActiveCfg = Release|Any CPU
		{42E9C9F6-9E22-4896-9448-C598640143FC}.Release|Any CPU.Build.0 = Release|Any CPU
		{D40F1ADF-F267-4420-A2B9-C6C93A2E0CE3}.Debug|Any CPU.ActiveCfg = Debug|Any CPU
		{D40F1ADF-F267-4420-A2B9-C6C93A2E0CE3}.Debug|Any CPU.Build.0 = Debug|Any CPU
		{D40F1ADF-F267-4420-A2B9-C6C93A2E0CE3}.Release|Any CPU.ActiveCfg = Release|Any CPU
		{D40F1ADF-F267-4420-A2B9-C6C93A2E0CE3}.Release|Any CPU.Build.0 = Release|Any CPU
		{89718A89-140C-4498-A951-7A827F3DE0B4}.Debug|Any CPU.ActiveCfg = Debug|Any CPU
		{89718A89-140C-4498-A951-7A827F3DE0B4}.Debug|Any CPU.Build.0 = Debug|Any CPU
		{89718A89-140C-4498-A951-7A827F3DE0B4}.Release|Any CPU.ActiveCfg = Release|Any CPU
		{89718A89-140C-4498-A951-7A827F3DE0B4}.Release|Any CPU.Build.0 = Release|Any CPU
	EndGlobalSection
	GlobalSection(SolutionProperties) = preSolution
		HideSolutionNode = FALSE
	EndGlobalSection
	GlobalSection(ExtensibilityGlobals) = postSolution
		SolutionGuid = {B0E6D1D1-4008-4F37-8E54-DF1D14009FE0}
	EndGlobalSection
EndGlobal
